
Microsoft Visual Studio Solution File, Format Version 12.00
# Visual Studio Version 17
VisualStudioVersion = 17.5.33424.131
MinimumVisualStudioVersion = 10.0.40219.1
Project("{FAE04EC0-301F-11D3-BF4B-00C04F79EFBC}") = "VendaFacilWeb", "VendaFacilWeb.csproj", "{9B1F69E1-B987-4B70-A99D-720B5F9072EF}"
EndProject
Global
	GlobalSection(SolutionConfigurationPlatforms) = preSolution
		Debug|Any CPU = Debug|Any CPU
		Release|Any CPU = Release|Any CPU
	EndGlobalSection
	GlobalSection(ProjectConfigurationPlatforms) = postSolution
		{9B1F69E1-B987-4B70-A99D-720B5F9072EF}.Debug|Any CPU.ActiveCfg = Debug|Any CPU
		{9B1F69E1-B987-4B70-A99D-720B5F9072EF}.Debug|Any CPU.Build.0 = Debug|Any CPU
		{9B1F69E1-B987-4B70-A99D-720B5F9072EF}.Release|Any CPU.ActiveCfg = Release|Any CPU
		{9B1F69E1-B987-4B70-A99D-720B5F9072EF}.Release|Any CPU.Build.0 = Release|Any CPU
	EndGlobalSection
	GlobalSection(SolutionProperties) = preSolution
		HideSolutionNode = FALSE
	EndGlobalSection
	GlobalSection(ExtensibilityGlobals) = postSolution
		SolutionGuid = {24A5E5C4-A20C-490A-91C2-EAD410CEDFDA}
	EndGlobalSection
EndGlobal
